{
  "name": "jc-shared",
  "version": "1.0.0",
  "lockfileVersion": 1,
  "requires": true,
  "dependencies": {
    "@types/marked": {
      "version": "1.2.1",
      "resolved": "https://registry.npmjs.org/@types/marked/-/marked-1.2.1.tgz",
      "integrity": "sha512-d5adCgRHB+NAme23hkiTkvpfZUDqoNtL2Sr2nZBJqSj3zyHLxsfFWsGQ2sK2z9aX6L1xkJzon2c0jTPcsEjpaQ==",
      "dev": true
    },
    "dayjs": {
      "version": "1.9.7",
      "resolved": "https://registry.npmjs.org/dayjs/-/dayjs-1.9.7.tgz",
      "integrity": "sha512-IC877KBdMhBrCfBfJXHQlo0G8keZ0Opy7YIIq5QKtUbCuHMzim8S4PyiVK4YmihI3iOF9lhfUBW4AQWHTR5WHA=="
    },
    "marked": {
      "version": "1.2.7",
      "resolved": "https://registry.npmjs.org/marked/-/marked-1.2.7.tgz",
      "integrity": "sha512-No11hFYcXr/zkBvL6qFmAp1z6BKY3zqLMHny/JN/ey+al7qwCM2+CMBL9BOgqMxZU36fz4cCWfn2poWIf7QRXA=="
    }
  }
}
